{
  "name": "networks-course-demo",
  "version": "1.0.0",
  "lockfileVersion": 1,
  "requires": true,
  "dependencies": {
    "cytoscape": {
      "version": "3.12.1",
      "resolved": "https://registry.npmjs.org/cytoscape/-/cytoscape-3.12.1.tgz",
      "integrity": "sha512-/TIrNXcWZdjTgB2BK2oJfroO8IAM6XSu9lCGEe3boJ68KHqH0fbSrc0tIOfibkzkMfUhFLNed9tcaoYdjxOnTQ==",
      "requires": {
        "heap": "^0.2.6",
        "lodash.debounce": "^4.0.8"
      }
    },
    "cytoscape-edgehandles": {
      "version": "3.6.0",
      "resolved": "https://registry.npmjs.org/cytoscape-edgehandles/-/cytoscape-edgehandles-3.6.0.tgz",
      "integrity": "sha512-XUzz+zmK42cN6l8uV7b66uUIZruAGgtgrfj/iuUOoCDWHMExARCS23bUju3Pqxywafe75Te3prXH0jrnZ+fYxw==",
      "requires": {
        "lodash.memoize": "^4.1.2",
        "lodash.throttle": "^4.1.1"
      }
    },
    "heap": {
      "version": "0.2.6",
      "resolved": "https://registry.npmjs.org/heap/-/heap-0.2.6.tgz",
      "integrity": "sha1-CH4fELBGky/IWU3Z5tN4r8nR5aw="
    },
    "lodash.debounce": {
      "version": "4.0.8",
      "resolved": "https://registry.npmjs.org/lodash.debounce/-/lodash.debounce-4.0.8.tgz",
      "integrity": "sha1-gteb/zCmfEAF/9XiUVMArZyk168="
    },
    "lodash.memoize": {
      "version": "4.1.2",
      "resolved": "https://registry.npmjs.org/lodash.memoize/-/lodash.memoize-4.1.2.tgz",
      "integrity": "sha1-vMbEmkKihA7Zl/Mj6tpezRguC/4="
    },
    "lodash.throttle": {
      "version": "4.1.1",
      "resolved": "https://registry.npmjs.org/lodash.throttle/-/lodash.throttle-4.1.1.tgz",
      "integrity": "sha1-wj6RtxAkKscMN/HhzaknTMOb8vQ="
    }
  }
}
